
Microsoft Visual Studio Solution File, Format Version 12.00
# Visual Studio Version 16
VisualStudioVersion = 16.0.32630.194
MinimumVisualStudioVersion = 10.0.40219.1
Project("{2150E333-8FDC-42A3-9474-1A3956D46DE8}") = "Domain", "Domain", "{F6037290-ABE7-46F9-A721-F19C7FA26429}"
EndProject
Project("{9A19103F-16F7-4668-BE54-9A1E7A4F7556}") = "ERP.Domain", "Domain\ERP.Domain.csproj", "{FDA12DC8-8B73-42CE-80BA-C50A2C571CE5}"
EndProject
Project("{2150E333-8FDC-42A3-9474-1A3956D46DE8}") = "Infrastructure", "Infrastructure", "{01EC4689-B8B0-479B-8477-B8577B2F411C}"
EndProject
Project("{9A19103F-16F7-4668-BE54-9A1E7A4F7556}") = "ERP.Persistence", "Persistence\ERP.Persistence.csproj", "{76C2394C-DE39-49E6-A44A-82C9E0F0C095}"
EndProject
Project("{2150E333-8FDC-42A3-9474-1A3956D46DE8}") = "Application", "Application", "{2B871BE5-5315-4873-A892-C6C017C330AE}"
EndProject
Project("{9A19103F-16F7-4668-BE54-9A1E7A4F7556}") = "ERP.PersistenceSQL", "PersistenceSQL\ERP.PersistenceSQL.csproj", "{EAC6CC60-577F-42DB-A532-FD68ACD8BCFE}"
EndProject
Project("{2150E333-8FDC-42A3-9474-1A3956D46DE8}") = "Configurations", "Configurations", "{1B5C3247-2BF7-4A96-A592-6D27C2B4430A}"
EndProject
Project("{2150E333-8FDC-42A3-9474-1A3956D46DE8}") = "Common", "Common", "{709B262B-676D-46C6-96D8-AA1BFD5664AB}"
EndProject
Project("{2150E333-8FDC-42A3-9474-1A3956D46DE8}") = "Dates", "Dates", "{B0EFAA1A-AE00-4970-9542-C5F085A6398D}"
	ProjectSection(SolutionItems) = preProject
		MovaltoSegurdidaSocial.Application\Common\Dates\MachineDateTime.cs = MovaltoSegurdidaSocial.Application\Common\Dates\MachineDateTime.cs
	EndProjectSection
EndProject
Project("{9A19103F-16F7-4668-BE54-9A1E7A4F7556}") = "ERP.Api", "Api.Api\ERP.Api.csproj", "{94A06437-8B90-440B-8F30-63B359A04F1A}"
EndProject
Project("{9A19103F-16F7-4668-BE54-9A1E7A4F7556}") = "ERP.Application", "ERP.Application\ERP.Application.csproj", "{788085D9-6E23-4AEF-A6FF-C42C302DAAB6}"
EndProject
Global
	GlobalSection(SolutionConfigurationPlatforms) = preSolution
		Debug|Any CPU = Debug|Any CPU
		Release|Any CPU = Release|Any CPU
	EndGlobalSection
	GlobalSection(ProjectConfigurationPlatforms) = postSolution
		{FDA12DC8-8B73-42CE-80BA-C50A2C571CE5}.Debug|Any CPU.ActiveCfg = Debug|Any CPU
		{FDA12DC8-8B73-42CE-80BA-C50A2C571CE5}.Debug|Any CPU.Build.0 = Debug|Any CPU
		{FDA12DC8-8B73-42CE-80BA-C50A2C571CE5}.Release|Any CPU.ActiveCfg = Debug|Any CPU
		{FDA12DC8-8B73-42CE-80BA-C50A2C571CE5}.Release|Any CPU.Build.0 = Debug|Any CPU
		{76C2394C-DE39-49E6-A44A-82C9E0F0C095}.Debug|Any CPU.ActiveCfg = Debug|Any CPU
		{76C2394C-DE39-49E6-A44A-82C9E0F0C095}.Debug|Any CPU.Build.0 = Debug|Any CPU
		{76C2394C-DE39-49E6-A44A-82C9E0F0C095}.Release|Any CPU.ActiveCfg = Debug|Any CPU
		{76C2394C-DE39-49E6-A44A-82C9E0F0C095}.Release|Any CPU.Build.0 = Debug|Any CPU
		{EAC6CC60-577F-42DB-A532-FD68ACD8BCFE}.Debug|Any CPU.ActiveCfg = Debug|Any CPU
		{EAC6CC60-577F-42DB-A532-FD68ACD8BCFE}.Debug|Any CPU.Build.0 = Debug|Any CPU
		{EAC6CC60-577F-42DB-A532-FD68ACD8BCFE}.Release|Any CPU.ActiveCfg = Debug|Any CPU
		{EAC6CC60-577F-42DB-A532-FD68ACD8BCFE}.Release|Any CPU.Build.0 = Debug|Any CPU
		{94A06437-8B90-440B-8F30-63B359A04F1A}.Debug|Any CPU.ActiveCfg = Debug|Any CPU
		{94A06437-8B90-440B-8F30-63B359A04F1A}.Debug|Any CPU.Build.0 = Debug|Any CPU
		{94A06437-8B90-440B-8F30-63B359A04F1A}.Release|Any CPU.ActiveCfg = Release|Any CPU
		{94A06437-8B90-440B-8F30-63B359A04F1A}.Release|Any CPU.Build.0 = Release|Any CPU
		{788085D9-6E23-4AEF-A6FF-C42C302DAAB6}.Debug|Any CPU.ActiveCfg = Debug|Any CPU
		{788085D9-6E23-4AEF-A6FF-C42C302DAAB6}.Debug|Any CPU.Build.0 = Debug|Any CPU
		{788085D9-6E23-4AEF-A6FF-C42C302DAAB6}.Release|Any CPU.ActiveCfg = Release|Any CPU
		{788085D9-6E23-4AEF-A6FF-C42C302DAAB6}.Release|Any CPU.Build.0 = Release|Any CPU
	EndGlobalSection
	GlobalSection(SolutionProperties) = preSolution
		HideSolutionNode = FALSE
	EndGlobalSection
	GlobalSection(NestedProjects) = preSolution
		{FDA12DC8-8B73-42CE-80BA-C50A2C571CE5} = {F6037290-ABE7-46F9-A721-F19C7FA26429}
		{76C2394C-DE39-49E6-A44A-82C9E0F0C095} = {01EC4689-B8B0-479B-8477-B8577B2F411C}
		{EAC6CC60-577F-42DB-A532-FD68ACD8BCFE} = {01EC4689-B8B0-479B-8477-B8577B2F411C}
		{1B5C3247-2BF7-4A96-A592-6D27C2B4430A} = {01EC4689-B8B0-479B-8477-B8577B2F411C}
		{709B262B-676D-46C6-96D8-AA1BFD5664AB} = {01EC4689-B8B0-479B-8477-B8577B2F411C}
		{B0EFAA1A-AE00-4970-9542-C5F085A6398D} = {709B262B-676D-46C6-96D8-AA1BFD5664AB}
		{788085D9-6E23-4AEF-A6FF-C42C302DAAB6} = {2B871BE5-5315-4873-A892-C6C017C330AE}
	EndGlobalSection
	GlobalSection(ExtensibilityGlobals) = postSolution
		SolutionGuid = {959EA43C-83C3-48B3-BD60-FE1124519164}
	EndGlobalSection
EndGlobal
